
Microsoft Visual Studio Solution File, Format Version 12.00
# Visual Studio Version 17
VisualStudioVersion = 17.5.33424.131
MinimumVisualStudioVersion = 10.0.40219.1
Project("{FAE04EC0-301F-11D3-BF4B-00C04F79EFBC}") = "Client1", "Client1\Client1.csproj", "{1F139EBB-DE19-4D3F-961F-7C05D1B87097}"
EndProject
Project("{FAE04EC0-301F-11D3-BF4B-00C04F79EFBC}") = "Client2", "Client2\Client2.csproj", "{E65853C7-005D-4BCC-89B5-4F3AF3F962B9}"
EndProject
Project("{FAE04EC0-301F-11D3-BF4B-00C04F79EFBC}") = "Clients.Core", "Clients.Core\Clients.Core.csproj", "{6D12B4D2-C4CA-498B-8FCA-16007BAE7E13}"
EndProject
Project("{FAE04EC0-301F-11D3-BF4B-00C04F79EFBC}") = "Client1Service", "Client1Service\Client1Service.csproj", "{F6FEEB4D-EE9A-4E56-AF20-0963C028202C}"
EndProject
Project("{FAE04EC0-301F-11D3-BF4B-00C04F79EFBC}") = "Client2Service", "Client2Service\Client2Service.csproj", "{57EC7C38-4C61-4086-AAB6-2D754B33E5D3}"
EndProject
Project("{FAE04EC0-301F-11D3-BF4B-00C04F79EFBC}") = "Client3Server", "Client3Server\Client3Server.csproj", "{9F220D83-7FA4-41B8-8B05-0AB62ACF8C20}"
EndProject
Project("{FAE04EC0-301F-11D3-BF4B-00C04F79EFBC}") = "Client3", "Client3\Client3.csproj", "{C386DCB0-DAD5-4B32-BB48-D2560EEC814F}"
EndProject
Global
	GlobalSection(SolutionConfigurationPlatforms) = preSolution
		Debug|Any CPU = Debug|Any CPU
		Release|Any CPU = Release|Any CPU
	EndGlobalSection
	GlobalSection(ProjectConfigurationPlatforms) = postSolution
		{1F139EBB-DE19-4D3F-961F-7C05D1B87097}.Debug|Any CPU.ActiveCfg = Debug|Any CPU
		{1F139EBB-DE19-4D3F-961F-7C05D1B87097}.Debug|Any CPU.Build.0 = Debug|Any CPU
		{1F139EBB-DE19-4D3F-961F-7C05D1B87097}.Release|Any CPU.ActiveCfg = Release|Any CPU
		{1F139EBB-DE19-4D3F-961F-7C05D1B87097}.Release|Any CPU.Build.0 = Release|Any CPU
		{E65853C7-005D-4BCC-89B5-4F3AF3F962B9}.Debug|Any CPU.ActiveCfg = Debug|Any CPU
		{E65853C7-005D-4BCC-89B5-4F3AF3F962B9}.Debug|Any CPU.Build.0 = Debug|Any CPU
		{E65853C7-005D-4BCC-89B5-4F3AF3F962B9}.Release|Any CPU.ActiveCfg = Release|Any CPU
		{E65853C7-005D-4BCC-89B5-4F3AF3F962B9}.Release|Any CPU.Build.0 = Release|Any CPU
		{6D12B4D2-C4CA-498B-8FCA-16007BAE7E13}.Debug|Any CPU.ActiveCfg = Debug|Any CPU
		{6D12B4D2-C4CA-498B-8FCA-16007BAE7E13}.Debug|Any CPU.Build.0 = Debug|Any CPU
		{6D12B4D2-C4CA-498B-8FCA-16007BAE7E13}.Release|Any CPU.ActiveCfg = Release|Any CPU
		{6D12B4D2-C4CA-498B-8FCA-16007BAE7E13}.Release|Any CPU.Build.0 = Release|Any CPU
		{F6FEEB4D-EE9A-4E56-AF20-0963C028202C}.Debug|Any CPU.ActiveCfg = Debug|Any CPU
		{F6FEEB4D-EE9A-4E56-AF20-0963C028202C}.Debug|Any CPU.Build.0 = Debug|Any CPU
		{F6FEEB4D-EE9A-4E56-AF20-0963C028202C}.Release|Any CPU.ActiveCfg = Release|Any CPU
		{F6FEEB4D-EE9A-4E56-AF20-0963C028202C}.Release|Any CPU.Build.0 = Release|Any CPU
		{57EC7C38-4C61-4086-AAB6-2D754B33E5D3}.Debug|Any CPU.ActiveCfg = Debug|Any CPU
		{57EC7C38-4C61-4086-AAB6-2D754B33E5D3}.Debug|Any CPU.Build.0 = Debug|Any CPU
		{57EC7C38-4C61-4086-AAB6-2D754B33E5D3}.Release|Any CPU.ActiveCfg = Release|Any CPU
		{57EC7C38-4C61-4086-AAB6-2D754B33E5D3}.Release|Any CPU.Build.0 = Release|Any CPU
		{9F220D83-7FA4-41B8-8B05-0AB62ACF8C20}.Debug|Any CPU.ActiveCfg = Debug|Any CPU
		{9F220D83-7FA4-41B8-8B05-0AB62ACF8C20}.Debug|Any CPU.Build.0 = Debug|Any CPU
		{9F220D83-7FA4-41B8-8B05-0AB62ACF8C20}.Release|Any CPU.ActiveCfg = Release|Any CPU
		{9F220D83-7FA4-41B8-8B05-0AB62ACF8C20}.Release|Any CPU.Build.0 = Release|Any CPU
		{C386DCB0-DAD5-4B32-BB48-D2560EEC814F}.Debug|Any CPU.ActiveCfg = Debug|Any CPU
		{C386DCB0-DAD5-4B32-BB48-D2560EEC814F}.Debug|Any CPU.Build.0 = Debug|Any CPU
		{C386DCB0-DAD5-4B32-BB48-D2560EEC814F}.Release|Any CPU.ActiveCfg = Release|Any CPU
		{C386DCB0-DAD5-4B32-BB48-D2560EEC814F}.Release|Any CPU.Build.0 = Release|Any CPU
	EndGlobalSection
	GlobalSection(SolutionProperties) = preSolution
		HideSolutionNode = FALSE
	EndGlobalSection
	GlobalSection(ExtensibilityGlobals) = postSolution
		SolutionGuid = {88B0EEC2-DB98-4281-82C1-168114920E8A}
	EndGlobalSection
EndGlobal
